PODS:
  - connectivity_plus (0.0.1):
    - FlutterMacOS
  - file_picker (0.0.1):
    - FlutterMacOS
  - file_picker_writable (0.0.1):
    - FlutterMacOS
  - file_selector_macos (0.0.1):
    - FlutterMacOS
  - flutter_local_notifications (0.0.1):
    - FlutterMacOS
  - flutter_timezone (0.1.0):
    - FlutterMacOS
  - FlutterMacOS (1.0.0)
  - package_info_plus (0.0.1):
    - FlutterMacOS
  - path_provider_foundation (0.0.1):
    - Flutter
    - FlutterMacOS
  - shared_preferences_foundation (0.0.1):
    - Flutter
    - FlutterMacOS
  - sqflite_darwin (0.0.4):
    - Flutter
    - FlutterMacOS
  - url_launcher_macos (0.0.1):
    - FlutterMacOS

DEPENDENCIES:
  - connectivity_plus (from `Flutter/ephemeral/.symlinks/plugins/connectivity_plus/macos`)
  - file_picker (from `Flutter/ephemeral/.symlinks/plugins/file_picker/macos`)
  - file_picker_writable (from `Flutter/ephemeral/.symlinks/plugins/file_picker_writable/macos`)
  - file_selector_macos (from `Flutter/ephemeral/.symlinks/plugins/file_selector_macos/macos`)
  - flutter_local_notifications (from `Flutter/ephemeral/.symlinks/plugins/flutter_local_notifications/macos`)
  - flutter_timezone (from `Flutter/ephemeral/.symlinks/plugins/flutter_timezone/macos`)
  - FlutterMacOS (from `Flutter/ephemeral`)
  - package_info_plus (from `Flutter/ephemeral/.symlinks/plugins/package_info_plus/macos`)
  - path_provider_foundation (from `Flutter/ephemeral/.symlinks/plugins/path_provider_foundation/darwin`)
  - shared_preferences_foundation (from `Flutter/ephemeral/.symlinks/plugins/shared_preferences_foundation/darwin`)
  - sqflite_darwin (from `Flutter/ephemeral/.symlinks/plugins/sqflite_darwin/darwin`)
  - url_launcher_macos (from `Flutter/ephemeral/.symlinks/plugins/url_launcher_macos/macos`)

EXTERNAL SOURCES:
  connectivity_plus:
    :path: Flutter/ephemeral/.symlinks/plugins/connectivity_plus/macos
  file_picker:
    :path: Flutter/ephemeral/.symlinks/plugins/file_picker/macos
  file_picker_writable:
    :path: Flutter/ephemeral/.symlinks/plugins/file_picker_writable/macos
  file_selector_macos:
    :path: Flutter/ephemeral/.symlinks/plugins/file_selector_macos/macos
  flutter_local_notifications:
    :path: Flutter/ephemeral/.symlinks/plugins/flutter_local_notifications/macos
  flutter_timezone:
    :path: Flutter/ephemeral/.symlinks/plugins/flutter_timezone/macos
  FlutterMacOS:
    :path: Flutter/ephemeral
  package_info_plus:
    :path: Flutter/ephemeral/.symlinks/plugins/package_info_plus/macos
  path_provider_foundation:
    :path: Flutter/ephemeral/.symlinks/plugins/path_provider_foundation/darwin
  shared_preferences_foundation:
    :path: Flutter/ephemeral/.symlinks/plugins/shared_preferences_foundation/darwin
  sqflite_darwin:
    :path: Flutter/ephemeral/.symlinks/plugins/sqflite_darwin/darwin
  url_launcher_macos:
    :path: Flutter/ephemeral/.symlinks/plugins/url_launcher_macos/macos

SPEC CHECKSUMS:
  connectivity_plus: 4adf20a405e25b42b9c9f87feff8f4b6fde18a4e
  file_picker: 7584aae6fa07a041af2b36a2655122d42f578c1a
  file_picker_writable: 016b61062ce0bfdd9f4e6cc43109a9d12c5023e7
  file_selector_macos: 6280b52b459ae6c590af5d78fc35c7267a3c4b31
  flutter_local_notifications: 13862b132e32eb858dea558a86d45d08daeacfe7
  flutter_timezone: d59eea86178cbd7943cd2431cc2eaa9850f935d8
  FlutterMacOS: 8f6f14fa908a6fb3fba0cd85dbd81ec4b251fb24
  package_info_plus: f0052d280d17aa382b932f399edf32507174e870
  path_provider_foundation: 080d55be775b7414fd5a5ef3ac137b97b097e564
  shared_preferences_foundation: 9e1978ff2562383bd5676f64ec4e9aa8fa06a6f7
  sqflite_darwin: 20b2a3a3b70e43edae938624ce550a3cbf66a3d0
  url_launcher_macos: 0fba8ddabfc33ce0a9afe7c5fef5aab3d8d2d673

PODFILE CHECKSUM: 236401fc2c932af29a9fcf0e97baeeb2d750d367

COCOAPODS: 1.16.2
